
Microsoft Visual Studio Solution File, Format Version 12.00
# Visual Studio 15
VisualStudioVersion = 15.0.26124.0
MinimumVisualStudioVersion = 15.0.26124.0
Project("{FAE04EC0-301F-11D3-BF4B-00C04F79EFBC}") = "CmdWrapper", "CmdWrapper\CmdWrapper.csproj", "{82D7BA28-5A96-4A67-B1A4-28D9D4F51CFC}"
EndProject
Project("{FAE04EC0-301F-11D3-BF4B-00C04F79EFBC}") = "CmdWrapperTest", "CmdWrapperTest\CmdWrapperTest.csproj", "{53E0C913-766D-437F-9723-4ED6C62D4BEF}"
EndProject
Project("{FAE04EC0-301F-11D3-BF4B-00C04F79EFBC}") = "Dummy", "Dummy\Dummy.csproj", "{54E16040-ED68-46CC-B5B0-FA37C7F29E74}"
EndProject
Project("{FAE04EC0-301F-11D3-BF4B-00C04F79EFBC}") = "CmdWrapper.ConsoleApplication", "CmdWrapper.ConsoleApplication\CmdWrapper.ConsoleApplication.csproj", "{10440CE5-95D0-4295-8C79-FF10DBC19143}"
EndProject
Project("{FAE04EC0-301F-11D3-BF4B-00C04F79EFBC}") = "CommandExecutorService", "CommandExecutorService\CommandExecutorService.csproj", "{E130FF31-3A63-4088-A513-5900A2825606}"
EndProject
Global
	GlobalSection(SolutionConfigurationPlatforms) = preSolution
		Debug|Any CPU = Debug|Any CPU
		Debug|x64 = Debug|x64
		Debug|x86 = Debug|x86
		Release|Any CPU = Release|Any CPU
		Release|x64 = Release|x64
		Release|x86 = Release|x86
	EndGlobalSection
	GlobalSection(SolutionProperties) = preSolution
		HideSolutionNode = FALSE
	EndGlobalSection
	GlobalSection(ProjectConfigurationPlatforms) = postSolution
		{82D7BA28-5A96-4A67-B1A4-28D9D4F51CFC}.Debug|Any CPU.ActiveCfg = Debug|Any CPU
		{82D7BA28-5A96-4A67-B1A4-28D9D4F51CFC}.Debug|Any CPU.Build.0 = Debug|Any CPU
		{82D7BA28-5A96-4A67-B1A4-28D9D4F51CFC}.Debug|x64.ActiveCfg = Debug|Any CPU
		{82D7BA28-5A96-4A67-B1A4-28D9D4F51CFC}.Debug|x64.Build.0 = Debug|Any CPU
		{82D7BA28-5A96-4A67-B1A4-28D9D4F51CFC}.Debug|x86.ActiveCfg = Debug|Any CPU
		{82D7BA28-5A96-4A67-B1A4-28D9D4F51CFC}.Debug|x86.Build.0 = Debug|Any CPU
		{82D7BA28-5A96-4A67-B1A4-28D9D4F51CFC}.Release|Any CPU.ActiveCfg = Release|Any CPU
		{82D7BA28-5A96-4A67-B1A4-28D9D4F51CFC}.Release|Any CPU.Build.0 = Release|Any CPU
		{82D7BA28-5A96-4A67-B1A4-28D9D4F51CFC}.Release|x64.ActiveCfg = Release|Any CPU
		{82D7BA28-5A96-4A67-B1A4-28D9D4F51CFC}.Release|x64.Build.0 = Release|Any CPU
		{82D7BA28-5A96-4A67-B1A4-28D9D4F51CFC}.Release|x86.ActiveCfg = Release|Any CPU
		{82D7BA28-5A96-4A67-B1A4-28D9D4F51CFC}.Release|x86.Build.0 = Release|Any CPU
		{53E0C913-766D-437F-9723-4ED6C62D4BEF}.Debug|Any CPU.ActiveCfg = Debug|Any CPU
		{53E0C913-766D-437F-9723-4ED6C62D4BEF}.Debug|Any CPU.Build.0 = Debug|Any CPU
		{53E0C913-766D-437F-9723-4ED6C62D4BEF}.Debug|x64.ActiveCfg = Debug|Any CPU
		{53E0C913-766D-437F-9723-4ED6C62D4BEF}.Debug|x64.Build.0 = Debug|Any CPU
		{53E0C913-766D-437F-9723-4ED6C62D4BEF}.Debug|x86.ActiveCfg = Debug|Any CPU
		{53E0C913-766D-437F-9723-4ED6C62D4BEF}.Debug|x86.Build.0 = Debug|Any CPU
		{53E0C913-766D-437F-9723-4ED6C62D4BEF}.Release|Any CPU.ActiveCfg = Release|Any CPU
		{53E0C913-766D-437F-9723-4ED6C62D4BEF}.Release|Any CPU.Build.0 = Release|Any CPU
		{53E0C913-766D-437F-9723-4ED6C62D4BEF}.Release|x64.ActiveCfg = Release|Any CPU
		{53E0C913-766D-437F-9723-4ED6C62D4BEF}.Release|x64.Build.0 = Release|Any CPU
		{53E0C913-766D-437F-9723-4ED6C62D4BEF}.Release|x86.ActiveCfg = Release|Any CPU
		{53E0C913-766D-437F-9723-4ED6C62D4BEF}.Release|x86.Build.0 = Release|Any CPU
		{54E16040-ED68-46CC-B5B0-FA37C7F29E74}.Debug|Any CPU.ActiveCfg = Debug|Any CPU
		{54E16040-ED68-46CC-B5B0-FA37C7F29E74}.Debug|Any CPU.Build.0 = Debug|Any CPU
		{54E16040-ED68-46CC-B5B0-FA37C7F29E74}.Debug|x64.ActiveCfg = Debug|Any CPU
		{54E16040-ED68-46CC-B5B0-FA37C7F29E74}.Debug|x64.Build.0 = Debug|Any CPU
		{54E16040-ED68-46CC-B5B0-FA37C7F29E74}.Debug|x86.ActiveCfg = Debug|Any CPU
		{54E16040-ED68-46CC-B5B0-FA37C7F29E74}.Debug|x86.Build.0 = Debug|Any CPU
		{54E16040-ED68-46CC-B5B0-FA37C7F29E74}.Release|Any CPU.ActiveCfg = Release|Any CPU
		{54E16040-ED68-46CC-B5B0-FA37C7F29E74}.Release|Any CPU.Build.0 = Release|Any CPU
		{54E16040-ED68-46CC-B5B0-FA37C7F29E74}.Release|x64.ActiveCfg = Release|Any CPU
		{54E16040-ED68-46CC-B5B0-FA37C7F29E74}.Release|x64.Build.0 = Release|Any CPU
		{54E16040-ED68-46CC-B5B0-FA37C7F29E74}.Release|x86.ActiveCfg = Release|Any CPU
		{54E16040-ED68-46CC-B5B0-FA37C7F29E74}.Release|x86.Build.0 = Release|Any CPU
		{10440CE5-95D0-4295-8C79-FF10DBC19143}.Debug|Any CPU.ActiveCfg = Debug|Any CPU
		{10440CE5-95D0-4295-8C79-FF10DBC19143}.Debug|Any CPU.Build.0 = Debug|Any CPU
		{10440CE5-95D0-4295-8C79-FF10DBC19143}.Debug|x64.ActiveCfg = Debug|Any CPU
		{10440CE5-95D0-4295-8C79-FF10DBC19143}.Debug|x64.Build.0 = Debug|Any CPU
		{10440CE5-95D0-4295-8C79-FF10DBC19143}.Debug|x86.ActiveCfg = Debug|Any CPU
		{10440CE5-95D0-4295-8C79-FF10DBC19143}.Debug|x86.Build.0 = Debug|Any CPU
		{10440CE5-95D0-4295-8C79-FF10DBC19143}.Release|Any CPU.ActiveCfg = Release|Any CPU
		{10440CE5-95D0-4295-8C79-FF10DBC19143}.Release|Any CPU.Build.0 = Release|Any CPU
		{10440CE5-95D0-4295-8C79-FF10DBC19143}.Release|x64.ActiveCfg = Release|Any CPU
		{10440CE5-95D0-4295-8C79-FF10DBC19143}.Release|x64.Build.0 = Release|Any CPU
		{10440CE5-95D0-4295-8C79-FF10DBC19143}.Release|x86.ActiveCfg = Release|Any CPU
		{10440CE5-95D0-4295-8C79-FF10DBC19143}.Release|x86.Build.0 = Release|Any CPU
		{E130FF31-3A63-4088-A513-5900A2825606}.Debug|Any CPU.ActiveCfg = Debug|Any CPU
		{E130FF31-3A63-4088-A513-5900A2825606}.Debug|Any CPU.Build.0 = Debug|Any CPU
		{E130FF31-3A63-4088-A513-5900A2825606}.Debug|x64.ActiveCfg = Debug|Any CPU
		{E130FF31-3A63-4088-A513-5900A2825606}.Debug|x64.Build.0 = Debug|Any CPU
		{E130FF31-3A63-4088-A513-5900A2825606}.Debug|x86.ActiveCfg = Debug|Any CPU
		{E130FF31-3A63-4088-A513-5900A2825606}.Debug|x86.Build.0 = Debug|Any CPU
		{E130FF31-3A63-4088-A513-5900A2825606}.Release|Any CPU.ActiveCfg = Release|Any CPU
		{E130FF31-3A63-4088-A513-5900A2825606}.Release|Any CPU.Build.0 = Release|Any CPU
		{E130FF31-3A63-4088-A513-5900A2825606}.Release|x64.ActiveCfg = Release|Any CPU
		{E130FF31-3A63-4088-A513-5900A2825606}.Release|x64.Build.0 = Release|Any CPU
		{E130FF31-3A63-4088-A513-5900A2825606}.Release|x86.ActiveCfg = Release|Any CPU
		{E130FF31-3A63-4088-A513-5900A2825606}.Release|x86.Build.0 = Release|Any CPU
	EndGlobalSection
EndGlobal
